
Microsoft Visual Studio Solution File, Format Version 12.00
# Visual Studio Version 17
VisualStudioVersion = 17.8.34525.116
MinimumVisualStudioVersion = 10.0.40219.1
Project("{FAE04EC0-301F-11D3-BF4B-00C04F79EFBC}") = "HomeBankingNet8V3", "HomeBankingNet8V3.csproj", "{2A14DD32-94D2-4E44-942D-D31C464F38B1}"
EndProject
Global
	GlobalSection(SolutionConfigurationPlatforms) = preSolution
		Debug|Any CPU = Debug|Any CPU
		Release|Any CPU = Release|Any CPU
	EndGlobalSection
	GlobalSection(ProjectConfigurationPlatforms) = postSolution
		{2A14DD32-94D2-4E44-942D-D31C464F38B1}.Debug|Any CPU.ActiveCfg = Debug|Any CPU
		{2A14DD32-94D2-4E44-942D-D31C464F38B1}.Debug|Any CPU.Build.0 = Debug|Any CPU
		{2A14DD32-94D2-4E44-942D-D31C464F38B1}.Release|Any CPU.ActiveCfg = Release|Any CPU
		{2A14DD32-94D2-4E44-942D-D31C464F38B1}.Release|Any CPU.Build.0 = Release|Any CPU
	EndGlobalSection
	GlobalSection(SolutionProperties) = preSolution
		HideSolutionNode = FALSE
	EndGlobalSection
	GlobalSection(ExtensibilityGlobals) = postSolution
		SolutionGuid = {C70F48E2-58D0-4D56-95A7-88D1C293A730}
	EndGlobalSection
EndGlobal
